
Microsoft Visual Studio Solution File, Format Version 12.00
# Visual Studio Version 16
VisualStudioVersion = 16.0.31410.357
MinimumVisualStudioVersion = 10.0.40219.1
Project("{FAE04EC0-301F-11D3-BF4B-00C04F79EFBC}") = "SprinklerWinterizer", "SprinklerWinterizer\SprinklerWinterizer.csproj", "{FF9184D2-846D-4ADE-B312-20C23E6D2D0D}"
EndProject
Global
	GlobalSection(SolutionConfigurationPlatforms) = preSolution
		Debug|Any CPU = Debug|Any CPU
		Release|Any CPU = Release|Any CPU
	EndGlobalSection
	GlobalSection(ProjectConfigurationPlatforms) = postSolution
		{FF9184D2-846D-4ADE-B312-20C23E6D2D0D}.Debug|Any CPU.ActiveCfg = Debug|Any CPU
		{FF9184D2-846D-4ADE-B312-20C23E6D2D0D}.Debug|Any CPU.Build.0 = Debug|Any CPU
		{FF9184D2-846D-4ADE-B312-20C23E6D2D0D}.Release|Any CPU.ActiveCfg = Release|Any CPU
		{FF9184D2-846D-4ADE-B312-20C23E6D2D0D}.Release|Any CPU.Build.0 = Release|Any CPU
	EndGlobalSection
	GlobalSection(SolutionProperties) = preSolution
		HideSolutionNode = FALSE
	EndGlobalSection
	GlobalSection(ExtensibilityGlobals) = postSolution
		SolutionGuid = {9577B698-BD9E-4488-A4E6-0FEDFDF78A9A}
	EndGlobalSection
EndGlobal
